
Microsoft Visual Studio Solution File, Format Version 12.00
# Visual Studio Version 18
VisualStudioVersion = 18.0.11205.157
MinimumVisualStudioVersion = 10.0.40219.1
Project("{9A19103F-16F7-4668-BE54-9A1E7A4F7556}") = "Shared", "Shared\Shared.csproj", "{ABB9A7A2-DB8C-497F-B67E-C522F812117E}"
EndProject
Project("{9A19103F-16F7-4668-BE54-9A1E7A4F7556}") = "Server.Library", "Server\Server.Library.csproj", "{5B5CAC11-D4DE-44EC-9175-0D2BB7A9603C}"
EndProject
Project("{9A19103F-16F7-4668-BE54-9A1E7A4F7556}") = "Server", "Server.MirForms\Server.csproj", "{884D7004-37B4-4C38-AA64-F73BF64E9CB4}"
EndProject
Project("{9A19103F-16F7-4668-BE54-9A1E7A4F7556}") = "AutoPatcherAdmin", "AutoPatcherAdmin\AutoPatcherAdmin.csproj", "{6312929E-6CD5-48FE-A147-C10C09983A00}"
EndProject
Project("{2150E333-8FDC-42A3-9474-1A3956D46DE8}") = "Controls", "Controls", "{8E10D0C3-2E10-468B-BD77-C717ED6C7754}"
EndProject
Project("{9A19103F-16F7-4668-BE54-9A1E7A4F7556}") = "CustomFormControl", "Controls\FixedListViewControl\CustomFormControl.csproj", "{297E115E-AC0A-48CC-8FD7-059FED59BA73}"
EndProject
Project("{9A19103F-16F7-4668-BE54-9A1E7A4F7556}") = "LibraryEditor", "LibraryEditor\LibraryEditor.csproj", "{A3B8CA9F-5C91-49CB-902D-62A38DF4EF93}"
EndProject
Project("{9A19103F-16F7-4668-BE54-9A1E7A4F7556}") = "LibraryViewer", "LibraryViewer\LibraryViewer.csproj", "{456E4777-5510-49E1-BE8D-C536753964E3}"
EndProject
Project("{FAE04EC0-301F-11D3-BF4B-00C04F79EFBC}") = "Client_VorticeDX11", "Client_VorticeDX11\Client_VorticeDX11.csproj", "{BAA247EA-7B61-DEBC-54FD-206138DDFECD}"
EndProject
Project("{2150E333-8FDC-42A3-9474-1A3956D46DE8}") = "Tools", "Tools", "{07C2787E-EAC7-C090-1BA3-A61EC2A24D84}"
EndProject
Project("{FAE04EC0-301F-11D3-BF4B-00C04F79EFBC}") = "Client_MonoGame.Shared", "Client_MonoGame.Shared\Client_MonoGame.Shared.csproj", "{E4B17394-C1D7-46E5-B4A7-5C6056CF6192}"
EndProject
Project("{FAE04EC0-301F-11D3-BF4B-00C04F79EFBC}") = "Client_MonoGame.Android", "Client_MonoGame.Android\Client_MonoGame.Android.csproj", "{40159DAB-877A-4449-BCB2-DDFDEEE356B1}"
EndProject
Project("{FAE04EC0-301F-11D3-BF4B-00C04F79EFBC}") = "Client_MonoGame.iOS", "Client_MonoGame.iOS\Client_MonoGame.iOS.csproj", "{E03D61F1-C71E-4ABD-9452-B1E177DA03B5}"
EndProject
Project("{FAE04EC0-301F-11D3-BF4B-00C04F79EFBC}") = "MobileBootstrapAudit", "Tools\MobileBootstrapAudit\MobileBootstrapAudit.csproj", "{19250888-E6C0-43BC-9C39-BEA72DD4D23D}"
EndProject
Project("{9A19103F-16F7-4668-BE54-9A1E7A4F7556}") = "Base05.Tests", "Tests\Base05.Tests\Base05.Tests.csproj", "{8AEC4B12-603E-4C02-8DC7-C422BB651736}"
EndProject
Project("{9A19103F-16F7-4668-BE54-9A1E7A4F7556}") = "ShareProtocolCompat", "Tests\ShareProtocolCompat\ShareProtocolCompat.csproj", "{23DAB62A-8207-4444-A634-1F2BAA5B5A72}"
EndProject
Project("{FAE04EC0-301F-11D3-BF4B-00C04F79EFBC}") = "ReleaseSigningTool", "Tools\ReleaseSigningTool\ReleaseSigningTool.csproj", "{E6AE828F-DAD9-4BA6-A5E3-C6A198B59EA0}"
EndProject
Project("{FAE04EC0-301F-11D3-BF4B-00C04F79EFBC}") = "MicroGateway.Core", "MicroGateway.Core\MicroGateway.Core.csproj", "{820066C7-BAC8-4FB1-A485-1C869A5DC212}"
EndProject
Project("{FAE04EC0-301F-11D3-BF4B-00C04F79EFBC}") = "MicroGateway.App", "MicroGateway.App\MicroGateway.App.csproj", "{F29658D4-0963-4FF2-B06B-9A96BDB7F970}"
EndProject
Project("{FAE04EC0-301F-11D3-BF4B-00C04F79EFBC}") = "Launcher.ThemeRuntime", "Launcher.ThemeRuntime\Launcher.ThemeRuntime.csproj", "{6A5EA3CA-E44E-43C3-8DD3-DA3835E8BDB6}"
EndProject
Project("{FAE04EC0-301F-11D3-BF4B-00C04F79EFBC}") = "Launcher.Editor", "Launcher.Editor\Launcher.Editor.csproj", "{E1637BE6-6406-4669-976F-42C1C89B093A}"
EndProject
Project("{2150E333-8FDC-42A3-9474-1A3956D46DE8}") = "Launcher", "Launcher", "{740C5202-8AD2-6D86-0CA9-F95B1A2D697C}"
EndProject
Project("{FAE04EC0-301F-11D3-BF4B-00C04F79EFBC}") = "Launcher.PlayerShell.Core", "Launcher.PlayerShell.Core\Launcher.PlayerShell.Core.csproj", "{8865FA02-4CAA-4061-9EDF-834C44521C55}"
EndProject
Project("{FAE04EC0-301F-11D3-BF4B-00C04F79EFBC}") = "Launcher.PlayerShell", "Launcher.PlayerShell\Launcher.PlayerShell.csproj", "{E9B27C18-4E51-4529-B12D-DC9C5DB8546C}"
EndProject
Project("{FAE04EC0-301F-11D3-BF4B-00C04F79EFBC}") = "LauncherPlayerPackager", "Tools\LauncherPlayerPackager\LauncherPlayerPackager.csproj", "{8EF6EA99-1D3E-4F92-BD85-234000D21C3C}"
EndProject
Project("{FAE04EC0-301F-11D3-BF4B-00C04F79EFBC}") = "ProtocolManifestGenerator", "Tools\ProtocolManifestGenerator\ProtocolManifestGenerator.csproj", "{46A2EB35-112B-400F-A9E5-5678AA66B24F}"
EndProject
Project("{2150E333-8FDC-42A3-9474-1A3956D46DE8}") = "WindowsIntegration", "WindowsIntegration", "{09E6CDCA-DF4F-9A4A-3096-45F63831DB6C}"
EndProject
Project("{FAE04EC0-301F-11D3-BF4B-00C04F79EFBC}") = "Launcher.PlayerShellGateL0.Windows", "eng\WindowsIntegration\Launcher.PlayerShellGateL0\Launcher.PlayerShellGateL0.Windows.csproj", "{1CD1156A-7F6E-468F-9CDC-A90557F133A9}"
EndProject
Project("{FAE04EC0-301F-11D3-BF4B-00C04F79EFBC}") = "Launcher.PlayerShellReplacementWorker", "eng\WindowsIntegration\Launcher.PlayerShellReplacementWorker\Launcher.PlayerShellReplacementWorker.csproj", "{A7162134-7344-49C6-B8A2-5D00510879EC}"
EndProject
Project("{FAE04EC0-301F-11D3-BF4B-00C04F79EFBC}") = "Launcher.PlayerShellIntegration.Windows", "eng\WindowsIntegration\Launcher.PlayerShellIntegration\Launcher.PlayerShellIntegration.Windows.csproj", "{446B3E9B-E333-4871-B38D-152288B845E8}"
EndProject
Project("{FAE04EC0-301F-11D3-BF4B-00C04F79EFBC}") = "Launcher.RemoteListIntegration.Windows", "eng\WindowsIntegration\Launcher.RemoteListIntegration\Launcher.RemoteListIntegration.Windows.csproj", "{6667853E-AED9-4993-B70E-75122AB26073}"
EndProject
Project("{FAE04EC0-301F-11D3-BF4B-00C04F79EFBC}") = "Sec01.ClientIntegration.Windows", "eng\WindowsIntegration\Sec01.ClientIntegration\Sec01.ClientIntegration.Windows.csproj", "{C6F9FEEC-8478-4009-BA8F-0CAA193E74C5}"
EndProject
Project("{FAE04EC0-301F-11D3-BF4B-00C04F79EFBC}") = "Sec02.ClientTlsIntegration.Windows", "eng\WindowsIntegration\Sec02.ClientTlsIntegration\Sec02.ClientTlsIntegration.Windows.csproj", "{B63BFD79-1BF1-4D90-BDF0-D55B5487D1BC}"
EndProject
Project("{FAE04EC0-301F-11D3-BF4B-00C04F79EFBC}") = "Sec02.ServerConfigIntegration.Windows", "eng\WindowsIntegration\Sec02.ServerConfigIntegration\Sec02.ServerConfigIntegration.Windows.csproj", "{28427BF2-48D8-4B40-8357-686448DEB5DC}"
EndProject
Project("{2150E333-8FDC-42A3-9474-1A3956D46DE8}") = "Clients", "Clients", "{B80C9201-B7A3-4E40-8B5B-EEA3C8CDB401}"
EndProject
Project("{2150E333-8FDC-42A3-9474-1A3956D46DE8}") = "Server", "Server", "{8C7401EF-5F60-451F-A132-A7D70D880402}"
EndProject
Project("{2150E333-8FDC-42A3-9474-1A3956D46DE8}") = "Shared", "Shared", "{3B7BBA3A-8E29-497E-8F46-319130554403}"
EndProject
Project("{2150E333-8FDC-42A3-9474-1A3956D46DE8}") = "MicroGateway", "MicroGateway", "{62169992-A11D-4353-BC66-420613024404}"
EndProject
Project("{2150E333-8FDC-42A3-9474-1A3956D46DE8}") = "Editors", "Editors", "{7A49662A-8F83-4AE5-B069-F487D2C24405}"
EndProject
Project("{2150E333-8FDC-42A3-9474-1A3956D46DE8}") = "Tests", "Tests", "{9D48D87C-1819-4C41-9AB6-88BFE8714406}"
EndProject
Global
	GlobalSection(SolutionConfigurationPlatforms) = preSolution
		Debug|Any CPU = Debug|Any CPU
		Debug|x64 = Debug|x64
		Debug|x86 = Debug|x86
		Release|Any CPU = Release|Any CPU
		Release|x64 = Release|x64
		Release|x86 = Release|x86
	EndGlobalSection
	GlobalSection(ProjectConfigurationPlatforms) = postSolution
		{ABB9A7A2-DB8C-497F-B67E-C522F812117E}.Debug|Any CPU.ActiveCfg = Debug|Any CPU
		{ABB9A7A2-DB8C-497F-B67E-C522F812117E}.Debug|Any CPU.Build.0 = Debug|Any CPU
		{ABB9A7A2-DB8C-497F-B67E-C522F812117E}.Debug|x64.ActiveCfg = Debug|Any CPU
		{ABB9A7A2-DB8C-497F-B67E-C522F812117E}.Debug|x64.Build.0 = Debug|Any CPU
		{ABB9A7A2-DB8C-497F-B67E-C522F812117E}.Debug|x86.ActiveCfg = Debug|Any CPU
		{ABB9A7A2-DB8C-497F-B67E-C522F812117E}.Debug|x86.Build.0 = Debug|Any CPU
		{ABB9A7A2-DB8C-497F-B67E-C522F812117E}.Release|Any CPU.ActiveCfg = Release|Any CPU
		{ABB9A7A2-DB8C-497F-B67E-C522F812117E}.Release|Any CPU.Build.0 = Release|Any CPU
		{ABB9A7A2-DB8C-497F-B67E-C522F812117E}.Release|x64.ActiveCfg = Release|Any CPU
		{ABB9A7A2-DB8C-497F-B67E-C522F812117E}.Release|x64.Build.0 = Release|Any CPU
		{ABB9A7A2-DB8C-497F-B67E-C522F812117E}.Release|x86.ActiveCfg = Release|Any CPU
		{ABB9A7A2-DB8C-497F-B67E-C522F812117E}.Release|x86.Build.0 = Release|Any CPU
		{5B5CAC11-D4DE-44EC-9175-0D2BB7A9603C}.Debug|Any CPU.ActiveCfg = Debug|Any CPU
		{5B5CAC11-D4DE-44EC-9175-0D2BB7A9603C}.Debug|Any CPU.Build.0 = Debug|Any CPU
		{5B5CAC11-D4DE-44EC-9175-0D2BB7A9603C}.Debug|x64.ActiveCfg = Debug|Any CPU
		{5B5CAC11-D4DE-44EC-9175-0D2BB7A9603C}.Debug|x64.Build.0 = Debug|Any CPU
		{5B5CAC11-D4DE-44EC-9175-0D2BB7A9603C}.Debug|x86.ActiveCfg = Debug|Any CPU
		{5B5CAC11-D4DE-44EC-9175-0D2BB7A9603C}.Debug|x86.Build.0 = Debug|Any CPU
		{5B5CAC11-D4DE-44EC-9175-0D2BB7A9603C}.Release|Any CPU.ActiveCfg = Release|Any CPU
		{5B5CAC11-D4DE-44EC-9175-0D2BB7A9603C}.Release|Any CPU.Build.0 = Release|Any CPU
		{5B5CAC11-D4DE-44EC-9175-0D2BB7A9603C}.Release|x64.ActiveCfg = Release|Any CPU
		{5B5CAC11-D4DE-44EC-9175-0D2BB7A9603C}.Release|x64.Build.0 = Release|Any CPU
		{5B5CAC11-D4DE-44EC-9175-0D2BB7A9603C}.Release|x86.ActiveCfg = Release|Any CPU
		{5B5CAC11-D4DE-44EC-9175-0D2BB7A9603C}.Release|x86.Build.0 = Release|Any CPU
		{884D7004-37B4-4C38-AA64-F73BF64E9CB4}.Debug|Any CPU.ActiveCfg = Debug|Any CPU
		{884D7004-37B4-4C38-AA64-F73BF64E9CB4}.Debug|Any CPU.Build.0 = Debug|Any CPU
		{884D7004-37B4-4C38-AA64-F73BF64E9CB4}.Debug|x64.ActiveCfg = Debug|Any CPU
		{884D7004-37B4-4C38-AA64-F73BF64E9CB4}.Debug|x64.Build.0 = Debug|Any CPU
		{884D7004-37B4-4C38-AA64-F73BF64E9CB4}.Debug|x86.ActiveCfg = Debug|Any CPU
		{884D7004-37B4-4C38-AA64-F73BF64E9CB4}.Debug|x86.Build.0 = Debug|Any CPU
		{884D7004-37B4-4C38-AA64-F73BF64E9CB4}.Release|Any CPU.ActiveCfg = Release|Any CPU
		{884D7004-37B4-4C38-AA64-F73BF64E9CB4}.Release|Any CPU.Build.0 = Release|Any CPU
		{884D7004-37B4-4C38-AA64-F73BF64E9CB4}.Release|x64.ActiveCfg = Release|Any CPU
		{884D7004-37B4-4C38-AA64-F73BF64E9CB4}.Release|x64.Build.0 = Release|Any CPU
		{884D7004-37B4-4C38-AA64-F73BF64E9CB4}.Release|x86.ActiveCfg = Release|Any CPU
		{884D7004-37B4-4C38-AA64-F73BF64E9CB4}.Release|x86.Build.0 = Release|Any CPU
		{6312929E-6CD5-48FE-A147-C10C09983A00}.Debug|Any CPU.ActiveCfg = Debug|Any CPU
		{6312929E-6CD5-48FE-A147-C10C09983A00}.Debug|Any CPU.Build.0 = Debug|Any CPU
		{6312929E-6CD5-48FE-A147-C10C09983A00}.Debug|x64.ActiveCfg = Debug|Any CPU
		{6312929E-6CD5-48FE-A147-C10C09983A00}.Debug|x64.Build.0 = Debug|Any CPU
		{6312929E-6CD5-48FE-A147-C10C09983A00}.Debug|x86.ActiveCfg = Debug|Any CPU
		{6312929E-6CD5-48FE-A147-C10C09983A00}.Debug|x86.Build.0 = Debug|Any CPU
		{6312929E-6CD5-48FE-A147-C10C09983A00}.Release|Any CPU.ActiveCfg = Release|Any CPU
		{6312929E-6CD5-48FE-A147-C10C09983A00}.Release|Any CPU.Build.0 = Release|Any CPU
		{6312929E-6CD5-48FE-A147-C10C09983A00}.Release|x64.ActiveCfg = Release|Any CPU
		{6312929E-6CD5-48FE-A147-C10C09983A00}.Release|x64.Build.0 = Release|Any CPU
		{6312929E-6CD5-48FE-A147-C10C09983A00}.Release|x86.ActiveCfg = Release|Any CPU
		{6312929E-6CD5-48FE-A147-C10C09983A00}.Release|x86.Build.0 = Release|Any CPU
		{297E115E-AC0A-48CC-8FD7-059FED59BA73}.Debug|Any CPU.ActiveCfg = Debug|Any CPU
		{297E115E-AC0A-48CC-8FD7-059FED59BA73}.Debug|Any CPU.Build.0 = Debug|Any CPU
		{297E115E-AC0A-48CC-8FD7-059FED59BA73}.Debug|x64.ActiveCfg = Debug|Any CPU
		{297E115E-AC0A-48CC-8FD7-059FED59BA73}.Debug|x64.Build.0 = Debug|Any CPU
		{297E115E-AC0A-48CC-8FD7-059FED59BA73}.Debug|x86.ActiveCfg = Debug|Any CPU
		{297E115E-AC0A-48CC-8FD7-059FED59BA73}.Debug|x86.Build.0 = Debug|Any CPU
		{297E115E-AC0A-48CC-8FD7-059FED59BA73}.Release|Any CPU.ActiveCfg = Release|Any CPU
		{297E115E-AC0A-48CC-8FD7-059FED59BA73}.Release|Any CPU.Build.0 = Release|Any CPU
		{297E115E-AC0A-48CC-8FD7-059FED59BA73}.Release|x64.ActiveCfg = Release|Any CPU
		{297E115E-AC0A-48CC-8FD7-059FED59BA73}.Release|x64.Build.0 = Release|Any CPU
		{297E115E-AC0A-48CC-8FD7-059FED59BA73}.Release|x86.ActiveCfg = Release|Any CPU
		{297E115E-AC0A-48CC-8FD7-059FED59BA73}.Release|x86.Build.0 = Release|Any CPU
		{A3B8CA9F-5C91-49CB-902D-62A38DF4EF93}.Debug|Any CPU.ActiveCfg = Debug|Any CPU
		{A3B8CA9F-5C91-49CB-902D-62A38DF4EF93}.Debug|Any CPU.Build.0 = Debug|Any CPU
		{A3B8CA9F-5C91-49CB-902D-62A38DF4EF93}.Debug|x64.ActiveCfg = Debug|Any CPU
		{A3B8CA9F-5C91-49CB-902D-62A38DF4EF93}.Debug|x64.Build.0 = Debug|Any CPU
		{A3B8CA9F-5C91-49CB-902D-62A38DF4EF93}.Debug|x86.ActiveCfg = Debug|Any CPU
		{A3B8CA9F-5C91-49CB-902D-62A38DF4EF93}.Debug|x86.Build.0 = Debug|Any CPU
		{A3B8CA9F-5C91-49CB-902D-62A38DF4EF93}.Release|Any CPU.ActiveCfg = Release|Any CPU
		{A3B8CA9F-5C91-49CB-902D-62A38DF4EF93}.Release|Any CPU.Build.0 = Release|Any CPU
		{A3B8CA9F-5C91-49CB-902D-62A38DF4EF93}.Release|x64.ActiveCfg = Release|Any CPU
		{A3B8CA9F-5C91-49CB-902D-62A38DF4EF93}.Release|x64.Build.0 = Release|Any CPU
		{A3B8CA9F-5C91-49CB-902D-62A38DF4EF93}.Release|x86.ActiveCfg = Release|Any CPU
		{A3B8CA9F-5C91-49CB-902D-62A38DF4EF93}.Release|x86.Build.0 = Release|Any CPU
		{456E4777-5510-49E1-BE8D-C536753964E3}.Debug|Any CPU.ActiveCfg = Debug|Any CPU
		{456E4777-5510-49E1-BE8D-C536753964E3}.Debug|Any CPU.Build.0 = Debug|Any CPU
		{456E4777-5510-49E1-BE8D-C536753964E3}.Debug|x64.ActiveCfg = Debug|Any CPU
		{456E4777-5510-49E1-BE8D-C536753964E3}.Debug|x64.Build.0 = Debug|Any CPU
		{456E4777-5510-49E1-BE8D-C536753964E3}.Debug|x86.ActiveCfg = Debug|Any CPU
		{456E4777-5510-49E1-BE8D-C536753964E3}.Debug|x86.Build.0 = Debug|Any CPU
		{456E4777-5510-49E1-BE8D-C536753964E3}.Release|Any CPU.ActiveCfg = Release|Any CPU
		{456E4777-5510-49E1-BE8D-C536753964E3}.Release|Any CPU.Build.0 = Release|Any CPU
		{456E4777-5510-49E1-BE8D-C536753964E3}.Release|x64.ActiveCfg = Release|Any CPU
		{456E4777-5510-49E1-BE8D-C536753964E3}.Release|x64.Build.0 = Release|Any CPU
		{456E4777-5510-49E1-BE8D-C536753964E3}.Release|x86.ActiveCfg = Release|Any CPU
		{456E4777-5510-49E1-BE8D-C536753964E3}.Release|x86.Build.0 = Release|Any CPU
		{BAA247EA-7B61-DEBC-54FD-206138DDFECD}.Debug|Any CPU.ActiveCfg = Debug|Any CPU
		{BAA247EA-7B61-DEBC-54FD-206138DDFECD}.Debug|Any CPU.Build.0 = Debug|Any CPU
		{BAA247EA-7B61-DEBC-54FD-206138DDFECD}.Debug|x64.ActiveCfg = Debug|Any CPU
		{BAA247EA-7B61-DEBC-54FD-206138DDFECD}.Debug|x64.Build.0 = Debug|Any CPU
		{BAA247EA-7B61-DEBC-54FD-206138DDFECD}.Debug|x86.ActiveCfg = Debug|Any CPU
		{BAA247EA-7B61-DEBC-54FD-206138DDFECD}.Debug|x86.Build.0 = Debug|Any CPU
		{BAA247EA-7B61-DEBC-54FD-206138DDFECD}.Release|Any CPU.ActiveCfg = Release|Any CPU
		{BAA247EA-7B61-DEBC-54FD-206138DDFECD}.Release|Any CPU.Build.0 = Release|Any CPU
		{BAA247EA-7B61-DEBC-54FD-206138DDFECD}.Release|x64.ActiveCfg = Release|Any CPU
		{BAA247EA-7B61-DEBC-54FD-206138DDFECD}.Release|x64.Build.0 = Release|Any CPU
		{BAA247EA-7B61-DEBC-54FD-206138DDFECD}.Release|x86.ActiveCfg = Release|Any CPU
		{BAA247EA-7B61-DEBC-54FD-206138DDFECD}.Release|x86.Build.0 = Release|Any CPU
		{E4B17394-C1D7-46E5-B4A7-5C6056CF6192}.Debug|Any CPU.ActiveCfg = Debug|Any CPU
		{E4B17394-C1D7-46E5-B4A7-5C6056CF6192}.Debug|Any CPU.Build.0 = Debug|Any CPU
		{E4B17394-C1D7-46E5-B4A7-5C6056CF6192}.Debug|x64.ActiveCfg = Debug|Any CPU
		{E4B17394-C1D7-46E5-B4A7-5C6056CF6192}.Debug|x64.Build.0 = Debug|Any CPU
		{E4B17394-C1D7-46E5-B4A7-5C6056CF6192}.Debug|x86.ActiveCfg = Debug|Any CPU
		{E4B17394-C1D7-46E5-B4A7-5C6056CF6192}.Debug|x86.Build.0 = Debug|Any CPU
		{E4B17394-C1D7-46E5-B4A7-5C6056CF6192}.Release|Any CPU.ActiveCfg = Release|Any CPU
		{E4B17394-C1D7-46E5-B4A7-5C6056CF6192}.Release|Any CPU.Build.0 = Release|Any CPU
		{E4B17394-C1D7-46E5-B4A7-5C6056CF6192}.Release|x64.ActiveCfg = Release|Any CPU
		{E4B17394-C1D7-46E5-B4A7-5C6056CF6192}.Release|x64.Build.0 = Release|Any CPU
		{E4B17394-C1D7-46E5-B4A7-5C6056CF6192}.Release|x86.ActiveCfg = Release|Any CPU
		{E4B17394-C1D7-46E5-B4A7-5C6056CF6192}.Release|x86.Build.0 = Release|Any CPU
		{40159DAB-877A-4449-BCB2-DDFDEEE356B1}.Debug|Any CPU.ActiveCfg = Debug|Any CPU
		{40159DAB-877A-4449-BCB2-DDFDEEE356B1}.Debug|Any CPU.Build.0 = Debug|Any CPU
		{40159DAB-877A-4449-BCB2-DDFDEEE356B1}.Debug|x64.ActiveCfg = Debug|Any CPU
		{40159DAB-877A-4449-BCB2-DDFDEEE356B1}.Debug|x64.Build.0 = Debug|Any CPU
		{40159DAB-877A-4449-BCB2-DDFDEEE356B1}.Debug|x86.ActiveCfg = Debug|Any CPU
		{40159DAB-877A-4449-BCB2-DDFDEEE356B1}.Debug|x86.Build.0 = Debug|Any CPU
		{40159DAB-877A-4449-BCB2-DDFDEEE356B1}.Release|Any CPU.ActiveCfg = Release|Any CPU
		{40159DAB-877A-4449-BCB2-DDFDEEE356B1}.Release|Any CPU.Build.0 = Release|Any CPU
		{40159DAB-877A-4449-BCB2-DDFDEEE356B1}.Release|x64.ActiveCfg = Release|Any CPU
		{40159DAB-877A-4449-BCB2-DDFDEEE356B1}.Release|x64.Build.0 = Release|Any CPU
		{40159DAB-877A-4449-BCB2-DDFDEEE356B1}.Release|x86.ActiveCfg = Release|Any CPU
		{40159DAB-877A-4449-BCB2-DDFDEEE356B1}.Release|x86.Build.0 = Release|Any CPU
		{E03D61F1-C71E-4ABD-9452-B1E177DA03B5}.Debug|Any CPU.ActiveCfg = Debug|Any CPU
		{E03D61F1-C71E-4ABD-9452-B1E177DA03B5}.Debug|Any CPU.Build.0 = Debug|Any CPU
		{E03D61F1-C71E-4ABD-9452-B1E177DA03B5}.Debug|x64.ActiveCfg = Debug|Any CPU
		{E03D61F1-C71E-4ABD-9452-B1E177DA03B5}.Debug|x64.Build.0 = Debug|Any CPU
		{E03D61F1-C71E-4ABD-9452-B1E177DA03B5}.Debug|x86.ActiveCfg = Debug|Any CPU
		{E03D61F1-C71E-4ABD-9452-B1E177DA03B5}.Debug|x86.Build.0 = Debug|Any CPU
		{E03D61F1-C71E-4ABD-9452-B1E177DA03B5}.Release|Any CPU.ActiveCfg = Release|Any CPU
		{E03D61F1-C71E-4ABD-9452-B1E177DA03B5}.Release|Any CPU.Build.0 = Release|Any CPU
		{E03D61F1-C71E-4ABD-9452-B1E177DA03B5}.Release|x64.ActiveCfg = Release|Any CPU
		{E03D61F1-C71E-4ABD-9452-B1E177DA03B5}.Release|x64.Build.0 = Release|Any CPU
		{E03D61F1-C71E-4ABD-9452-B1E177DA03B5}.Release|x86.ActiveCfg = Release|Any CPU
		{E03D61F1-C71E-4ABD-9452-B1E177DA03B5}.Release|x86.Build.0 = Release|Any CPU
		{19250888-E6C0-43BC-9C39-BEA72DD4D23D}.Debug|Any CPU.ActiveCfg = Debug|Any CPU
		{19250888-E6C0-43BC-9C39-BEA72DD4D23D}.Debug|Any CPU.Build.0 = Debug|Any CPU
		{19250888-E6C0-43BC-9C39-BEA72DD4D23D}.Debug|x64.ActiveCfg = Debug|Any CPU
		{19250888-E6C0-43BC-9C39-BEA72DD4D23D}.Debug|x64.Build.0 = Debug|Any CPU
		{19250888-E6C0-43BC-9C39-BEA72DD4D23D}.Debug|x86.ActiveCfg = Debug|Any CPU
		{19250888-E6C0-43BC-9C39-BEA72DD4D23D}.Debug|x86.Build.0 = Debug|Any CPU
		{19250888-E6C0-43BC-9C39-BEA72DD4D23D}.Release|Any CPU.ActiveCfg = Release|Any CPU
		{19250888-E6C0-43BC-9C39-BEA72DD4D23D}.Release|Any CPU.Build.0 = Release|Any CPU
		{19250888-E6C0-43BC-9C39-BEA72DD4D23D}.Release|x64.ActiveCfg = Release|Any CPU
		{19250888-E6C0-43BC-9C39-BEA72DD4D23D}.Release|x64.Build.0 = Release|Any CPU
		{19250888-E6C0-43BC-9C39-BEA72DD4D23D}.Release|x86.ActiveCfg = Release|Any CPU
		{19250888-E6C0-43BC-9C39-BEA72DD4D23D}.Release|x86.Build.0 = Release|Any CPU
		{8AEC4B12-603E-4C02-8DC7-C422BB651736}.Debug|Any CPU.ActiveCfg = Debug|Any CPU
		{8AEC4B12-603E-4C02-8DC7-C422BB651736}.Debug|Any CPU.Build.0 = Debug|Any CPU
		{8AEC4B12-603E-4C02-8DC7-C422BB651736}.Debug|x64.ActiveCfg = Debug|Any CPU
		{8AEC4B12-603E-4C02-8DC7-C422BB651736}.Debug|x64.Build.0 = Debug|Any CPU
		{8AEC4B12-603E-4C02-8DC7-C422BB651736}.Debug|x86.ActiveCfg = Debug|Any CPU
		{8AEC4B12-603E-4C02-8DC7-C422BB651736}.Debug|x86.Build.0 = Debug|Any CPU
		{8AEC4B12-603E-4C02-8DC7-C422BB651736}.Release|Any CPU.ActiveCfg = Release|Any CPU
		{8AEC4B12-603E-4C02-8DC7-C422BB651736}.Release|Any CPU.Build.0 = Release|Any CPU
		{8AEC4B12-603E-4C02-8DC7-C422BB651736}.Release|x64.ActiveCfg = Release|Any CPU
		{8AEC4B12-603E-4C02-8DC7-C422BB651736}.Release|x64.Build.0 = Release|Any CPU
		{8AEC4B12-603E-4C02-8DC7-C422BB651736}.Release|x86.ActiveCfg = Release|Any CPU
		{8AEC4B12-603E-4C02-8DC7-C422BB651736}.Release|x86.Build.0 = Release|Any CPU
		{23DAB62A-8207-4444-A634-1F2BAA5B5A72}.Debug|Any CPU.ActiveCfg = Debug|Any CPU
		{23DAB62A-8207-4444-A634-1F2BAA5B5A72}.Debug|Any CPU.Build.0 = Debug|Any CPU
		{23DAB62A-8207-4444-A634-1F2BAA5B5A72}.Debug|x64.ActiveCfg = Debug|Any CPU
		{23DAB62A-8207-4444-A634-1F2BAA5B5A72}.Debug|x64.Build.0 = Debug|Any CPU
		{23DAB62A-8207-4444-A634-1F2BAA5B5A72}.Debug|x86.ActiveCfg = Debug|Any CPU
		{23DAB62A-8207-4444-A634-1F2BAA5B5A72}.Debug|x86.Build.0 = Debug|Any CPU
		{23DAB62A-8207-4444-A634-1F2BAA5B5A72}.Release|Any CPU.ActiveCfg = Release|Any CPU
		{23DAB62A-8207-4444-A634-1F2BAA5B5A72}.Release|Any CPU.Build.0 = Release|Any CPU
		{23DAB62A-8207-4444-A634-1F2BAA5B5A72}.Release|x64.ActiveCfg = Release|Any CPU
		{23DAB62A-8207-4444-A634-1F2BAA5B5A72}.Release|x64.Build.0 = Release|Any CPU
		{23DAB62A-8207-4444-A634-1F2BAA5B5A72}.Release|x86.ActiveCfg = Release|Any CPU
		{23DAB62A-8207-4444-A634-1F2BAA5B5A72}.Release|x86.Build.0 = Release|Any CPU
		{E6AE828F-DAD9-4BA6-A5E3-C6A198B59EA0}.Debug|Any CPU.ActiveCfg = Debug|Any CPU
		{E6AE828F-DAD9-4BA6-A5E3-C6A198B59EA0}.Debug|Any CPU.Build.0 = Debug|Any CPU
		{E6AE828F-DAD9-4BA6-A5E3-C6A198B59EA0}.Debug|x64.ActiveCfg = Debug|Any CPU
		{E6AE828F-DAD9-4BA6-A5E3-C6A198B59EA0}.Debug|x64.Build.0 = Debug|Any CPU
		{E6AE828F-DAD9-4BA6-A5E3-C6A198B59EA0}.Debug|x86.ActiveCfg = Debug|Any CPU
		{E6AE828F-DAD9-4BA6-A5E3-C6A198B59EA0}.Debug|x86.Build.0 = Debug|Any CPU
		{E6AE828F-DAD9-4BA6-A5E3-C6A198B59EA0}.Release|Any CPU.ActiveCfg = Release|Any CPU
		{E6AE828F-DAD9-4BA6-A5E3-C6A198B59EA0}.Release|Any CPU.Build.0 = Release|Any CPU
		{E6AE828F-DAD9-4BA6-A5E3-C6A198B59EA0}.Release|x64.ActiveCfg = Release|Any CPU
		{E6AE828F-DAD9-4BA6-A5E3-C6A198B59EA0}.Release|x64.Build.0 = Release|Any CPU
		{E6AE828F-DAD9-4BA6-A5E3-C6A198B59EA0}.Release|x86.ActiveCfg = Release|Any CPU
		{E6AE828F-DAD9-4BA6-A5E3-C6A198B59EA0}.Release|x86.Build.0 = Release|Any CPU
		{820066C7-BAC8-4FB1-A485-1C869A5DC212}.Debug|Any CPU.ActiveCfg = Debug|Any CPU
		{820066C7-BAC8-4FB1-A485-1C869A5DC212}.Debug|Any CPU.Build.0 = Debug|Any CPU
		{820066C7-BAC8-4FB1-A485-1C869A5DC212}.Debug|x64.ActiveCfg = Debug|Any CPU
		{820066C7-BAC8-4FB1-A485-1C869A5DC212}.Debug|x64.Build.0 = Debug|Any CPU
		{820066C7-BAC8-4FB1-A485-1C869A5DC212}.Debug|x86.ActiveCfg = Debug|Any CPU
		{820066C7-BAC8-4FB1-A485-1C869A5DC212}.Debug|x86.Build.0 = Debug|Any CPU
		{820066C7-BAC8-4FB1-A485-1C869A5DC212}.Release|Any CPU.ActiveCfg = Release|Any CPU
		{820066C7-BAC8-4FB1-A485-1C869A5DC212}.Release|Any CPU.Build.0 = Release|Any CPU
		{820066C7-BAC8-4FB1-A485-1C869A5DC212}.Release|x64.ActiveCfg = Release|Any CPU
		{820066C7-BAC8-4FB1-A485-1C869A5DC212}.Release|x64.Build.0 = Release|Any CPU
		{820066C7-BAC8-4FB1-A485-1C869A5DC212}.Release|x86.ActiveCfg = Release|Any CPU
		{820066C7-BAC8-4FB1-A485-1C869A5DC212}.Release|x86.Build.0 = Release|Any CPU
		{F29658D4-0963-4FF2-B06B-9A96BDB7F970}.Debug|Any CPU.ActiveCfg = Debug|Any CPU
		{F29658D4-0963-4FF2-B06B-9A96BDB7F970}.Debug|Any CPU.Build.0 = Debug|Any CPU
		{F29658D4-0963-4FF2-B06B-9A96BDB7F970}.Debug|x64.ActiveCfg = Debug|Any CPU
		{F29658D4-0963-4FF2-B06B-9A96BDB7F970}.Debug|x64.Build.0 = Debug|Any CPU
		{F29658D4-0963-4FF2-B06B-9A96BDB7F970}.Debug|x86.ActiveCfg = Debug|Any CPU
		{F29658D4-0963-4FF2-B06B-9A96BDB7F970}.Debug|x86.Build.0 = Debug|Any CPU
		{F29658D4-0963-4FF2-B06B-9A96BDB7F970}.Release|Any CPU.ActiveCfg = Release|Any CPU
		{F29658D4-0963-4FF2-B06B-9A96BDB7F970}.Release|Any CPU.Build.0 = Release|Any CPU
		{F29658D4-0963-4FF2-B06B-9A96BDB7F970}.Release|x64.ActiveCfg = Release|Any CPU
		{F29658D4-0963-4FF2-B06B-9A96BDB7F970}.Release|x64.Build.0 = Release|Any CPU
		{F29658D4-0963-4FF2-B06B-9A96BDB7F970}.Release|x86.ActiveCfg = Release|Any CPU
		{F29658D4-0963-4FF2-B06B-9A96BDB7F970}.Release|x86.Build.0 = Release|Any CPU
		{6A5EA3CA-E44E-43C3-8DD3-DA3835E8BDB6}.Debug|Any CPU.ActiveCfg = Debug|Any CPU
		{6A5EA3CA-E44E-43C3-8DD3-DA3835E8BDB6}.Debug|Any CPU.Build.0 = Debug|Any CPU
		{6A5EA3CA-E44E-43C3-8DD3-DA3835E8BDB6}.Debug|x64.ActiveCfg = Debug|Any CPU
		{6A5EA3CA-E44E-43C3-8DD3-DA3835E8BDB6}.Debug|x64.Build.0 = Debug|Any CPU
		{6A5EA3CA-E44E-43C3-8DD3-DA3835E8BDB6}.Debug|x86.ActiveCfg = Debug|Any CPU
		{6A5EA3CA-E44E-43C3-8DD3-DA3835E8BDB6}.Debug|x86.Build.0 = Debug|Any CPU
		{6A5EA3CA-E44E-43C3-8DD3-DA3835E8BDB6}.Release|Any CPU.ActiveCfg = Release|Any CPU
		{6A5EA3CA-E44E-43C3-8DD3-DA3835E8BDB6}.Release|Any CPU.Build.0 = Release|Any CPU
		{6A5EA3CA-E44E-43C3-8DD3-DA3835E8BDB6}.Release|x64.ActiveCfg = Release|Any CPU
		{6A5EA3CA-E44E-43C3-8DD3-DA3835E8BDB6}.Release|x64.Build.0 = Release|Any CPU
		{6A5EA3CA-E44E-43C3-8DD3-DA3835E8BDB6}.Release|x86.ActiveCfg = Release|Any CPU
		{6A5EA3CA-E44E-43C3-8DD3-DA3835E8BDB6}.Release|x86.Build.0 = Release|Any CPU
		{E1637BE6-6406-4669-976F-42C1C89B093A}.Debug|Any CPU.ActiveCfg = Debug|Any CPU
		{E1637BE6-6406-4669-976F-42C1C89B093A}.Debug|Any CPU.Build.0 = Debug|Any CPU
		{E1637BE6-6406-4669-976F-42C1C89B093A}.Debug|x64.ActiveCfg = Debug|Any CPU
		{E1637BE6-6406-4669-976F-42C1C89B093A}.Debug|x64.Build.0 = Debug|Any CPU
		{E1637BE6-6406-4669-976F-42C1C89B093A}.Debug|x86.ActiveCfg = Debug|Any CPU
		{E1637BE6-6406-4669-976F-42C1C89B093A}.Debug|x86.Build.0 = Debug|Any CPU
		{E1637BE6-6406-4669-976F-42C1C89B093A}.Release|Any CPU.ActiveCfg = Release|Any CPU
		{E1637BE6-6406-4669-976F-42C1C89B093A}.Release|Any CPU.Build.0 = Release|Any CPU
		{E1637BE6-6406-4669-976F-42C1C89B093A}.Release|x64.ActiveCfg = Release|Any CPU
		{E1637BE6-6406-4669-976F-42C1C89B093A}.Release|x64.Build.0 = Release|Any CPU
		{E1637BE6-6406-4669-976F-42C1C89B093A}.Release|x86.ActiveCfg = Release|Any CPU
		{E1637BE6-6406-4669-976F-42C1C89B093A}.Release|x86.Build.0 = Release|Any CPU
		{8865FA02-4CAA-4061-9EDF-834C44521C55}.Debug|Any CPU.ActiveCfg = Debug|Any CPU
		{8865FA02-4CAA-4061-9EDF-834C44521C55}.Debug|Any CPU.Build.0 = Debug|Any CPU
		{8865FA02-4CAA-4061-9EDF-834C44521C55}.Debug|x64.ActiveCfg = Debug|Any CPU
		{8865FA02-4CAA-4061-9EDF-834C44521C55}.Debug|x64.Build.0 = Debug|Any CPU
		{8865FA02-4CAA-4061-9EDF-834C44521C55}.Debug|x86.ActiveCfg = Debug|Any CPU
		{8865FA02-4CAA-4061-9EDF-834C44521C55}.Debug|x86.Build.0 = Debug|Any CPU
		{8865FA02-4CAA-4061-9EDF-834C44521C55}.Release|Any CPU.ActiveCfg = Release|Any CPU
		{8865FA02-4CAA-4061-9EDF-834C44521C55}.Release|Any CPU.Build.0 = Release|Any CPU
		{8865FA02-4CAA-4061-9EDF-834C44521C55}.Release|x64.ActiveCfg = Release|Any CPU
		{8865FA02-4CAA-4061-9EDF-834C44521C55}.Release|x64.Build.0 = Release|Any CPU
		{8865FA02-4CAA-4061-9EDF-834C44521C55}.Release|x86.ActiveCfg = Release|Any CPU
		{8865FA02-4CAA-4061-9EDF-834C44521C55}.Release|x86.Build.0 = Release|Any CPU
		{E9B27C18-4E51-4529-B12D-DC9C5DB8546C}.Debug|Any CPU.ActiveCfg = Debug|Any CPU
		{E9B27C18-4E51-4529-B12D-DC9C5DB8546C}.Debug|Any CPU.Build.0 = Debug|Any CPU
		{E9B27C18-4E51-4529-B12D-DC9C5DB8546C}.Debug|x64.ActiveCfg = Debug|Any CPU
		{E9B27C18-4E51-4529-B12D-DC9C5DB8546C}.Debug|x64.Build.0 = Debug|Any CPU
		{E9B27C18-4E51-4529-B12D-DC9C5DB8546C}.Debug|x86.ActiveCfg = Debug|Any CPU
		{E9B27C18-4E51-4529-B12D-DC9C5DB8546C}.Debug|x86.Build.0 = Debug|Any CPU
		{E9B27C18-4E51-4529-B12D-DC9C5DB8546C}.Release|Any CPU.ActiveCfg = Release|Any CPU
		{E9B27C18-4E51-4529-B12D-DC9C5DB8546C}.Release|Any CPU.Build.0 = Release|Any CPU
		{E9B27C18-4E51-4529-B12D-DC9C5DB8546C}.Release|x64.ActiveCfg = Release|Any CPU
		{E9B27C18-4E51-4529-B12D-DC9C5DB8546C}.Release|x64.Build.0 = Release|Any CPU
		{E9B27C18-4E51-4529-B12D-DC9C5DB8546C}.Release|x86.ActiveCfg = Release|Any CPU
		{E9B27C18-4E51-4529-B12D-DC9C5DB8546C}.Release|x86.Build.0 = Release|Any CPU
		{8EF6EA99-1D3E-4F92-BD85-234000D21C3C}.Debug|Any CPU.ActiveCfg = Debug|Any CPU
		{8EF6EA99-1D3E-4F92-BD85-234000D21C3C}.Debug|Any CPU.Build.0 = Debug|Any CPU
		{8EF6EA99-1D3E-4F92-BD85-234000D21C3C}.Debug|x64.ActiveCfg = Debug|Any CPU
		{8EF6EA99-1D3E-4F92-BD85-234000D21C3C}.Debug|x64.Build.0 = Debug|Any CPU
		{8EF6EA99-1D3E-4F92-BD85-234000D21C3C}.Debug|x86.ActiveCfg = Debug|Any CPU
		{8EF6EA99-1D3E-4F92-BD85-234000D21C3C}.Debug|x86.Build.0 = Debug|Any CPU
		{8EF6EA99-1D3E-4F92-BD85-234000D21C3C}.Release|Any CPU.ActiveCfg = Release|Any CPU
		{8EF6EA99-1D3E-4F92-BD85-234000D21C3C}.Release|Any CPU.Build.0 = Release|Any CPU
		{8EF6EA99-1D3E-4F92-BD85-234000D21C3C}.Release|x64.ActiveCfg = Release|Any CPU
		{8EF6EA99-1D3E-4F92-BD85-234000D21C3C}.Release|x64.Build.0 = Release|Any CPU
		{8EF6EA99-1D3E-4F92-BD85-234000D21C3C}.Release|x86.ActiveCfg = Release|Any CPU
		{8EF6EA99-1D3E-4F92-BD85-234000D21C3C}.Release|x86.Build.0 = Release|Any CPU
		{46A2EB35-112B-400F-A9E5-5678AA66B24F}.Debug|Any CPU.ActiveCfg = Debug|Any CPU
		{46A2EB35-112B-400F-A9E5-5678AA66B24F}.Debug|Any CPU.Build.0 = Debug|Any CPU
		{46A2EB35-112B-400F-A9E5-5678AA66B24F}.Debug|x64.ActiveCfg = Debug|Any CPU
		{46A2EB35-112B-400F-A9E5-5678AA66B24F}.Debug|x64.Build.0 = Debug|Any CPU
		{46A2EB35-112B-400F-A9E5-5678AA66B24F}.Debug|x86.ActiveCfg = Debug|Any CPU
		{46A2EB35-112B-400F-A9E5-5678AA66B24F}.Debug|x86.Build.0 = Debug|Any CPU
		{46A2EB35-112B-400F-A9E5-5678AA66B24F}.Release|Any CPU.ActiveCfg = Release|Any CPU
		{46A2EB35-112B-400F-A9E5-5678AA66B24F}.Release|Any CPU.Build.0 = Release|Any CPU
		{46A2EB35-112B-400F-A9E5-5678AA66B24F}.Release|x64.ActiveCfg = Release|Any CPU
		{46A2EB35-112B-400F-A9E5-5678AA66B24F}.Release|x64.Build.0 = Release|Any CPU
		{46A2EB35-112B-400F-A9E5-5678AA66B24F}.Release|x86.ActiveCfg = Release|Any CPU
		{46A2EB35-112B-400F-A9E5-5678AA66B24F}.Release|x86.Build.0 = Release|Any CPU
		{1CD1156A-7F6E-468F-9CDC-A90557F133A9}.Debug|Any CPU.ActiveCfg = Debug|Any CPU
		{1CD1156A-7F6E-468F-9CDC-A90557F133A9}.Debug|Any CPU.Build.0 = Debug|Any CPU
		{1CD1156A-7F6E-468F-9CDC-A90557F133A9}.Debug|x64.ActiveCfg = Debug|Any CPU
		{1CD1156A-7F6E-468F-9CDC-A90557F133A9}.Debug|x64.Build.0 = Debug|Any CPU
		{1CD1156A-7F6E-468F-9CDC-A90557F133A9}.Debug|x86.ActiveCfg = Debug|Any CPU
		{1CD1156A-7F6E-468F-9CDC-A90557F133A9}.Debug|x86.Build.0 = Debug|Any CPU
		{1CD1156A-7F6E-468F-9CDC-A90557F133A9}.Release|Any CPU.ActiveCfg = Release|Any CPU
		{1CD1156A-7F6E-468F-9CDC-A90557F133A9}.Release|Any CPU.Build.0 = Release|Any CPU
		{1CD1156A-7F6E-468F-9CDC-A90557F133A9}.Release|x64.ActiveCfg = Release|Any CPU
		{1CD1156A-7F6E-468F-9CDC-A90557F133A9}.Release|x64.Build.0 = Release|Any CPU
		{1CD1156A-7F6E-468F-9CDC-A90557F133A9}.Release|x86.ActiveCfg = Release|Any CPU
		{1CD1156A-7F6E-468F-9CDC-A90557F133A9}.Release|x86.Build.0 = Release|Any CPU
		{A7162134-7344-49C6-B8A2-5D00510879EC}.Debug|Any CPU.ActiveCfg = Debug|Any CPU
		{A7162134-7344-49C6-B8A2-5D00510879EC}.Debug|Any CPU.Build.0 = Debug|Any CPU
		{A7162134-7344-49C6-B8A2-5D00510879EC}.Debug|x64.ActiveCfg = Debug|Any CPU
		{A7162134-7344-49C6-B8A2-5D00510879EC}.Debug|x64.Build.0 = Debug|Any CPU
		{A7162134-7344-49C6-B8A2-5D00510879EC}.Debug|x86.ActiveCfg = Debug|Any CPU
		{A7162134-7344-49C6-B8A2-5D00510879EC}.Debug|x86.Build.0 = Debug|Any CPU
		{A7162134-7344-49C6-B8A2-5D00510879EC}.Release|Any CPU.ActiveCfg = Release|Any CPU
		{A7162134-7344-49C6-B8A2-5D00510879EC}.Release|Any CPU.Build.0 = Release|Any CPU
		{A7162134-7344-49C6-B8A2-5D00510879EC}.Release|x64.ActiveCfg = Release|Any CPU
		{A7162134-7344-49C6-B8A2-5D00510879EC}.Release|x64.Build.0 = Release|Any CPU
		{A7162134-7344-49C6-B8A2-5D00510879EC}.Release|x86.ActiveCfg = Release|Any CPU
		{A7162134-7344-49C6-B8A2-5D00510879EC}.Release|x86.Build.0 = Release|Any CPU
		{446B3E9B-E333-4871-B38D-152288B845E8}.Debug|Any CPU.ActiveCfg = Debug|Any CPU
		{446B3E9B-E333-4871-B38D-152288B845E8}.Debug|Any CPU.Build.0 = Debug|Any CPU
		{446B3E9B-E333-4871-B38D-152288B845E8}.Debug|x64.ActiveCfg = Debug|Any CPU
		{446B3E9B-E333-4871-B38D-152288B845E8}.Debug|x64.Build.0 = Debug|Any CPU
		{446B3E9B-E333-4871-B38D-152288B845E8}.Debug|x86.ActiveCfg = Debug|Any CPU
		{446B3E9B-E333-4871-B38D-152288B845E8}.Debug|x86.Build.0 = Debug|Any CPU
		{446B3E9B-E333-4871-B38D-152288B845E8}.Release|Any CPU.ActiveCfg = Release|Any CPU
		{446B3E9B-E333-4871-B38D-152288B845E8}.Release|Any CPU.Build.0 = Release|Any CPU
		{446B3E9B-E333-4871-B38D-152288B845E8}.Release|x64.ActiveCfg = Release|Any CPU
		{446B3E9B-E333-4871-B38D-152288B845E8}.Release|x64.Build.0 = Release|Any CPU
		{446B3E9B-E333-4871-B38D-152288B845E8}.Release|x86.ActiveCfg = Release|Any CPU
		{446B3E9B-E333-4871-B38D-152288B845E8}.Release|x86.Build.0 = Release|Any CPU
		{6667853E-AED9-4993-B70E-75122AB26073}.Debug|Any CPU.ActiveCfg = Debug|Any CPU
		{6667853E-AED9-4993-B70E-75122AB26073}.Debug|Any CPU.Build.0 = Debug|Any CPU
		{6667853E-AED9-4993-B70E-75122AB26073}.Debug|x64.ActiveCfg = Debug|Any CPU
		{6667853E-AED9-4993-B70E-75122AB26073}.Debug|x64.Build.0 = Debug|Any CPU
		{6667853E-AED9-4993-B70E-75122AB26073}.Debug|x86.ActiveCfg = Debug|Any CPU
		{6667853E-AED9-4993-B70E-75122AB26073}.Debug|x86.Build.0 = Debug|Any CPU
		{6667853E-AED9-4993-B70E-75122AB26073}.Release|Any CPU.ActiveCfg = Release|Any CPU
		{6667853E-AED9-4993-B70E-75122AB26073}.Release|Any CPU.Build.0 = Release|Any CPU
		{6667853E-AED9-4993-B70E-75122AB26073}.Release|x64.ActiveCfg = Release|Any CPU
		{6667853E-AED9-4993-B70E-75122AB26073}.Release|x64.Build.0 = Release|Any CPU
		{6667853E-AED9-4993-B70E-75122AB26073}.Release|x86.ActiveCfg = Release|Any CPU
		{6667853E-AED9-4993-B70E-75122AB26073}.Release|x86.Build.0 = Release|Any CPU
		{C6F9FEEC-8478-4009-BA8F-0CAA193E74C5}.Debug|Any CPU.ActiveCfg = Debug|Any CPU
		{C6F9FEEC-8478-4009-BA8F-0CAA193E74C5}.Debug|Any CPU.Build.0 = Debug|Any CPU
		{C6F9FEEC-8478-4009-BA8F-0CAA193E74C5}.Debug|x64.ActiveCfg = Debug|Any CPU
		{C6F9FEEC-8478-4009-BA8F-0CAA193E74C5}.Debug|x64.Build.0 = Debug|Any CPU
		{C6F9FEEC-8478-4009-BA8F-0CAA193E74C5}.Debug|x86.ActiveCfg = Debug|Any CPU
		{C6F9FEEC-8478-4009-BA8F-0CAA193E74C5}.Debug|x86.Build.0 = Debug|Any CPU
		{C6F9FEEC-8478-4009-BA8F-0CAA193E74C5}.Release|Any CPU.ActiveCfg = Release|Any CPU
		{C6F9FEEC-8478-4009-BA8F-0CAA193E74C5}.Release|Any CPU.Build.0 = Release|Any CPU
		{C6F9FEEC-8478-4009-BA8F-0CAA193E74C5}.Release|x64.ActiveCfg = Release|Any CPU
		{C6F9FEEC-8478-4009-BA8F-0CAA193E74C5}.Release|x64.Build.0 = Release|Any CPU
		{C6F9FEEC-8478-4009-BA8F-0CAA193E74C5}.Release|x86.ActiveCfg = Release|Any CPU
		{C6F9FEEC-8478-4009-BA8F-0CAA193E74C5}.Release|x86.Build.0 = Release|Any CPU
		{B63BFD79-1BF1-4D90-BDF0-D55B5487D1BC}.Debug|Any CPU.ActiveCfg = Debug|Any CPU
		{B63BFD79-1BF1-4D90-BDF0-D55B5487D1BC}.Debug|Any CPU.Build.0 = Debug|Any CPU
		{B63BFD79-1BF1-4D90-BDF0-D55B5487D1BC}.Debug|x64.ActiveCfg = Debug|Any CPU
		{B63BFD79-1BF1-4D90-BDF0-D55B5487D1BC}.Debug|x64.Build.0 = Debug|Any CPU
		{B63BFD79-1BF1-4D90-BDF0-D55B5487D1BC}.Debug|x86.ActiveCfg = Debug|Any CPU
		{B63BFD79-1BF1-4D90-BDF0-D55B5487D1BC}.Debug|x86.Build.0 = Debug|Any CPU
		{B63BFD79-1BF1-4D90-BDF0-D55B5487D1BC}.Release|Any CPU.ActiveCfg = Release|Any CPU
		{B63BFD79-1BF1-4D90-BDF0-D55B5487D1BC}.Release|Any CPU.Build.0 = Release|Any CPU
		{B63BFD79-1BF1-4D90-BDF0-D55B5487D1BC}.Release|x64.ActiveCfg = Release|Any CPU
		{B63BFD79-1BF1-4D90-BDF0-D55B5487D1BC}.Release|x64.Build.0 = Release|Any CPU
		{B63BFD79-1BF1-4D90-BDF0-D55B5487D1BC}.Release|x86.ActiveCfg = Release|Any CPU
		{B63BFD79-1BF1-4D90-BDF0-D55B5487D1BC}.Release|x86.Build.0 = Release|Any CPU
		{28427BF2-48D8-4B40-8357-686448DEB5DC}.Debug|Any CPU.ActiveCfg = Debug|Any CPU
		{28427BF2-48D8-4B40-8357-686448DEB5DC}.Debug|Any CPU.Build.0 = Debug|Any CPU
		{28427BF2-48D8-4B40-8357-686448DEB5DC}.Debug|x64.ActiveCfg = Debug|Any CPU
		{28427BF2-48D8-4B40-8357-686448DEB5DC}.Debug|x64.Build.0 = Debug|Any CPU
		{28427BF2-48D8-4B40-8357-686448DEB5DC}.Debug|x86.ActiveCfg = Debug|Any CPU
		{28427BF2-48D8-4B40-8357-686448DEB5DC}.Debug|x86.Build.0 = Debug|Any CPU
		{28427BF2-48D8-4B40-8357-686448DEB5DC}.Release|Any CPU.ActiveCfg = Release|Any CPU
		{28427BF2-48D8-4B40-8357-686448DEB5DC}.Release|Any CPU.Build.0 = Release|Any CPU
		{28427BF2-48D8-4B40-8357-686448DEB5DC}.Release|x64.ActiveCfg = Release|Any CPU
		{28427BF2-48D8-4B40-8357-686448DEB5DC}.Release|x64.Build.0 = Release|Any CPU
		{28427BF2-48D8-4B40-8357-686448DEB5DC}.Release|x86.ActiveCfg = Release|Any CPU
		{28427BF2-48D8-4B40-8357-686448DEB5DC}.Release|x86.Build.0 = Release|Any CPU
	EndGlobalSection
	GlobalSection(SolutionProperties) = preSolution
		HideSolutionNode = FALSE
	EndGlobalSection
	GlobalSection(NestedProjects) = preSolution
		{ABB9A7A2-DB8C-497F-B67E-C522F812117E} = {3B7BBA3A-8E29-497E-8F46-319130554403}
		{5B5CAC11-D4DE-44EC-9175-0D2BB7A9603C} = {8C7401EF-5F60-451F-A132-A7D70D880402}
		{884D7004-37B4-4C38-AA64-F73BF64E9CB4} = {8C7401EF-5F60-451F-A132-A7D70D880402}
		{6312929E-6CD5-48FE-A147-C10C09983A00} = {7A49662A-8F83-4AE5-B069-F487D2C24405}
		{8E10D0C3-2E10-468B-BD77-C717ED6C7754} = {7A49662A-8F83-4AE5-B069-F487D2C24405}
		{297E115E-AC0A-48CC-8FD7-059FED59BA73} = {8E10D0C3-2E10-468B-BD77-C717ED6C7754}
		{A3B8CA9F-5C91-49CB-902D-62A38DF4EF93} = {7A49662A-8F83-4AE5-B069-F487D2C24405}
		{456E4777-5510-49E1-BE8D-C536753964E3} = {7A49662A-8F83-4AE5-B069-F487D2C24405}
		{BAA247EA-7B61-DEBC-54FD-206138DDFECD} = {B80C9201-B7A3-4E40-8B5B-EEA3C8CDB401}
		{E4B17394-C1D7-46E5-B4A7-5C6056CF6192} = {B80C9201-B7A3-4E40-8B5B-EEA3C8CDB401}
		{40159DAB-877A-4449-BCB2-DDFDEEE356B1} = {B80C9201-B7A3-4E40-8B5B-EEA3C8CDB401}
		{E03D61F1-C71E-4ABD-9452-B1E177DA03B5} = {B80C9201-B7A3-4E40-8B5B-EEA3C8CDB401}
		{19250888-E6C0-43BC-9C39-BEA72DD4D23D} = {07C2787E-EAC7-C090-1BA3-A61EC2A24D84}
		{8AEC4B12-603E-4C02-8DC7-C422BB651736} = {9D48D87C-1819-4C41-9AB6-88BFE8714406}
		{23DAB62A-8207-4444-A634-1F2BAA5B5A72} = {9D48D87C-1819-4C41-9AB6-88BFE8714406}
		{E6AE828F-DAD9-4BA6-A5E3-C6A198B59EA0} = {07C2787E-EAC7-C090-1BA3-A61EC2A24D84}
		{820066C7-BAC8-4FB1-A485-1C869A5DC212} = {62169992-A11D-4353-BC66-420613024404}
		{F29658D4-0963-4FF2-B06B-9A96BDB7F970} = {62169992-A11D-4353-BC66-420613024404}
		{6A5EA3CA-E44E-43C3-8DD3-DA3835E8BDB6} = {740C5202-8AD2-6D86-0CA9-F95B1A2D697C}
		{E1637BE6-6406-4669-976F-42C1C89B093A} = {740C5202-8AD2-6D86-0CA9-F95B1A2D697C}
		{8865FA02-4CAA-4061-9EDF-834C44521C55} = {740C5202-8AD2-6D86-0CA9-F95B1A2D697C}
		{E9B27C18-4E51-4529-B12D-DC9C5DB8546C} = {740C5202-8AD2-6D86-0CA9-F95B1A2D697C}
		{8EF6EA99-1D3E-4F92-BD85-234000D21C3C} = {07C2787E-EAC7-C090-1BA3-A61EC2A24D84}
		{46A2EB35-112B-400F-A9E5-5678AA66B24F} = {07C2787E-EAC7-C090-1BA3-A61EC2A24D84}
		{1CD1156A-7F6E-468F-9CDC-A90557F133A9} = {09E6CDCA-DF4F-9A4A-3096-45F63831DB6C}
		{A7162134-7344-49C6-B8A2-5D00510879EC} = {09E6CDCA-DF4F-9A4A-3096-45F63831DB6C}
		{446B3E9B-E333-4871-B38D-152288B845E8} = {09E6CDCA-DF4F-9A4A-3096-45F63831DB6C}
		{6667853E-AED9-4993-B70E-75122AB26073} = {09E6CDCA-DF4F-9A4A-3096-45F63831DB6C}
		{C6F9FEEC-8478-4009-BA8F-0CAA193E74C5} = {09E6CDCA-DF4F-9A4A-3096-45F63831DB6C}
		{B63BFD79-1BF1-4D90-BDF0-D55B5487D1BC} = {09E6CDCA-DF4F-9A4A-3096-45F63831DB6C}
		{28427BF2-48D8-4B40-8357-686448DEB5DC} = {09E6CDCA-DF4F-9A4A-3096-45F63831DB6C}
	EndGlobalSection
	GlobalSection(ExtensibilityGlobals) = postSolution
		SolutionGuid = {72BECBF0-1873-44F4-AC66-1E923AD0937A}
	EndGlobalSection
	GlobalSection(SharedMSBuildProjectFiles) = preSolution
		Client_MonoGame.Shared\Client_MonoGame.Shared.projitems*{40159dab-877a-4449-bcb2-ddfdeee356b1}*SharedItemsImports = 5
		Client_MonoGame.Shared\Client_MonoGame.Shared.projitems*{e4b17394-c1d7-46e5-b4a7-5c6056cf6192}*SharedItemsImports = 5
	EndGlobalSection
EndGlobal
